<Solution>
  <Folder Name="/Solution Items/">
    <File Path=".copilotinstructions" />
    <File Path="package-lock.json" />
    <File Path="package.json" />
    <File Path="tailwind.extension.json" />
  </Folder>
  <Project Path="MeetCampus.Client/MeetCampus.Client.csproj" />
  <Project Path="MeetCampus.Shared/MeetCampus.Shared.csproj" />
  <Project Path="MeetCampus/MeetCampus.csproj" />
</Solution>
